// !$*UTF8*$!
{
	archiveVersion = 1;
	classes = {
	};
	objectVersion = 46;
	objects = {

/* Begin PBXBuildFile section */
		433084CCC592F98F419C36CE /* Pods_BasePods_tuerauf_prod.framework in Frameworks */ = {isa = PBXBuildFile; fileRef = 38E864AF4FE61763BBE24273 /* Pods_BasePods_tuerauf_prod.framework */; };
		580A91D01A75E96E002AEE17 /* SettingsViewController.swift in Sources */ = {isa = PBXBuildFile; fileRef = 580A91CF1A75E96E002AEE17 /* SettingsViewController.swift */; };
		5823BADE1A79582100B8FB33 /* ViewController.swift in Sources */ = {isa = PBXBuildFile; fileRef = 585FDE0A1A5904EA00C830F2 /* ViewController.swift */; };
		5823BADF1A79582100B8FB33 /* UserRegistration.swift in Sources */ = {isa = PBXBuildFile; fileRef = 58AEFF131A7780C7006A122F /* UserRegistration.swift */; };
		5823BAE01A79582100B8FB33 /* AppDelegate.swift in Sources */ = {isa = PBXBuildFile; fileRef = 585FDE081A5904EA00C830F2 /* AppDelegate.swift */; };
		5823BAE11A79582100B8FB33 /* Backend.swift in Sources */ = {isa = PBXBuildFile; fileRef = 585FDE281A5908C100C830F2 /* Backend.swift */; };
		5823BAE21A79582100B8FB33 /* SettingsViewController.swift in Sources */ = {isa = PBXBuildFile; fileRef = 580A91CF1A75E96E002AEE17 /* SettingsViewController.swift */; };
		5823BAE41A79582100B8FB33 /* CoreLocation.framework in Frameworks */ = {isa = PBXBuildFile; fileRef = 58CE1A171A738C7B00C7C6BD /* CoreLocation.framework */; };
		5823BAE61A79582100B8FB33 /* tuer_icon_60.png in Resources */ = {isa = PBXBuildFile; fileRef = 58854BC31A6C1B5C00EB4080 /* tuer_icon_60.png */; };
		5823BAE71A79582100B8FB33 /* Main.storyboard in Resources */ = {isa = PBXBuildFile; fileRef = 585FDE0C1A5904EA00C830F2 /* Main.storyboard */; };
		5823BAE81A79582100B8FB33 /* LaunchScreen.xib in Resources */ = {isa = PBXBuildFile; fileRef = 585FDE111A5904EA00C830F2 /* LaunchScreen.xib */; };
		5823BAE91A79582100B8FB33 /* tuer_icon_76.png in Resources */ = {isa = PBXBuildFile; fileRef = 58854BC51A6C1B5C00EB4080 /* tuer_icon_76.png */; };
		5823BAEA1A79582100B8FB33 /* tuer_icon_180.png in Resources */ = {isa = PBXBuildFile; fileRef = 585FDE321A5959B800C830F2 /* tuer_icon_180.png */; };
		5823BAEB1A79582100B8FB33 /* tuer_icon_120.png in Resources */ = {isa = PBXBuildFile; fileRef = 58854BC61A6C1B5C00EB4080 /* tuer_icon_120.png */; };
		5823BAEC1A79582100B8FB33 /* tuer_a.png in Resources */ = {isa = PBXBuildFile; fileRef = 585FDE2F1A5956FB00C830F2 /* tuer_a.png */; };
		5823BAED1A79582100B8FB33 /* tuer_icon_152.png in Resources */ = {isa = PBXBuildFile; fileRef = 58854BC41A6C1B5C00EB4080 /* tuer_icon_152.png */; };
		5823BAEE1A79582100B8FB33 /* tuer.jpg in Resources */ = {isa = PBXBuildFile; fileRef = 585FDE2D1A59535C00C830F2 /* tuer.jpg */; };
		5823BAEF1A79582100B8FB33 /* Images.xcassets in Resources */ = {isa = PBXBuildFile; fileRef = 585FDE0F1A5904EA00C830F2 /* Images.xcassets */; };
		5823BAF01A79582100B8FB33 /* tuer.png in Resources */ = {isa = PBXBuildFile; fileRef = 585FDE311A5959B800C830F2 /* tuer.png */; };
		585FDE091A5904EA00C830F2 /* AppDelegate.swift in Sources */ = {isa = PBXBuildFile; fileRef = 585FDE081A5904EA00C830F2 /* AppDelegate.swift */; };
		585FDE0B1A5904EA00C830F2 /* ViewController.swift in Sources */ = {isa = PBXBuildFile; fileRef = 585FDE0A1A5904EA00C830F2 /* ViewController.swift */; };
		585FDE0E1A5904EA00C830F2 /* Main.storyboard in Resources */ = {isa = PBXBuildFile; fileRef = 585FDE0C1A5904EA00C830F2 /* Main.storyboard */; };
		585FDE101A5904EA00C830F2 /* Images.xcassets in Resources */ = {isa = PBXBuildFile; fileRef = 585FDE0F1A5904EA00C830F2 /* Images.xcassets */; };
		585FDE131A5904EA00C830F2 /* LaunchScreen.xib in Resources */ = {isa = PBXBuildFile; fileRef = 585FDE111A5904EA00C830F2 /* LaunchScreen.xib */; };
		585FDE1F1A5904EA00C830F2 /* tueraufTests.swift in Sources */ = {isa = PBXBuildFile; fileRef = 585FDE1E1A5904EA00C830F2 /* tueraufTests.swift */; };
		585FDE291A5908C100C830F2 /* Backend.swift in Sources */ = {isa = PBXBuildFile; fileRef = 585FDE281A5908C100C830F2 /* Backend.swift */; };
		585FDE2E1A59535C00C830F2 /* tuer.jpg in Resources */ = {isa = PBXBuildFile; fileRef = 585FDE2D1A59535C00C830F2 /* tuer.jpg */; };
		585FDE301A5956FB00C830F2 /* tuer_a.png in Resources */ = {isa = PBXBuildFile; fileRef = 585FDE2F1A5956FB00C830F2 /* tuer_a.png */; };
		585FDE331A5959B800C830F2 /* tuer.png in Resources */ = {isa = PBXBuildFile; fileRef = 585FDE311A5959B800C830F2 /* tuer.png */; };
		585FDE341A5959B800C830F2 /* tuer_icon_180.png in Resources */ = {isa = PBXBuildFile; fileRef = 585FDE321A5959B800C830F2 /* tuer_icon_180.png */; };
		58854BC71A6C1B5C00EB4080 /* tuer_icon_60.png in Resources */ = {isa = PBXBuildFile; fileRef = 58854BC31A6C1B5C00EB4080 /* tuer_icon_60.png */; };
		58854BC81A6C1B5C00EB4080 /* tuer_icon_152.png in Resources */ = {isa = PBXBuildFile; fileRef = 58854BC41A6C1B5C00EB4080 /* tuer_icon_152.png */; };
		58854BC91A6C1B5C00EB4080 /* tuer_icon_76.png in Resources */ = {isa = PBXBuildFile; fileRef = 58854BC51A6C1B5C00EB4080 /* tuer_icon_76.png */; };
		58854BCA1A6C1B5C00EB4080 /* tuer_icon_120.png in Resources */ = {isa = PBXBuildFile; fileRef = 58854BC61A6C1B5C00EB4080 /* tuer_icon_120.png */; };
		588F75571DA0E529007A10A0 /* NotificationCenter.framework in Frameworks */ = {isa = PBXBuildFile; fileRef = 588F75561DA0E529007A10A0 /* NotificationCenter.framework */; };
		588F755A1DA0E529007A10A0 /* TodayViewController.swift in Sources */ = {isa = PBXBuildFile; fileRef = 588F75591DA0E529007A10A0 /* TodayViewController.swift */; };
		588F755D1DA0E529007A10A0 /* MainInterface.storyboard in Resources */ = {isa = PBXBuildFile; fileRef = 588F755B1DA0E529007A10A0 /* MainInterface.storyboard */; };
		588F75611DA0E529007A10A0 /* tawidget.appex in Embed App Extensions */ = {isa = PBXBuildFile; fileRef = 588F75551DA0E529007A10A0 /* tawidget.appex */; settings = {ATTRIBUTES = (RemoveHeadersOnCopy, ); }; };
		58AEFF141A7780C7006A122F /* UserRegistration.swift in Sources */ = {isa = PBXBuildFile; fileRef = 58AEFF131A7780C7006A122F /* UserRegistration.swift */; };
		58CE1A181A738C7B00C7C6BD /* CoreLocation.framework in Frameworks */ = {isa = PBXBuildFile; fileRef = 58CE1A171A738C7B00C7C6BD /* CoreLocation.framework */; };
		58FE92B47968D63FB1BA91F9 /* Pods_BasePods_tueraufTests.framework in Frameworks */ = {isa = PBXBuildFile; fileRef = DCAEC7128ED06EB66D8C3432 /* Pods_BasePods_tueraufTests.framework */; };
		E0337FC9A1BF1B67F4112F05 /* Pods_BasePods_tuerauf_test.framework in Frameworks */ = {isa = PBXBuildFile; fileRef = 69F3681113CCFF18DE90F312 /* Pods_BasePods_tuerauf_test.framework */; };
/* End PBXBuildFile section */

/* Begin PBXContainerItemProxy section */
		585FDE191A5904EA00C830F2 /* PBXContainerItemProxy */ = {
			isa = PBXContainerItemProxy;
			containerPortal = 585FDDFB1A5904EA00C830F2 /* Project object */;
			proxyType = 1;
			remoteGlobalIDString = 585FDE021A5904EA00C830F2;
			remoteInfo = tuerauf;
		};
		588F755F1DA0E529007A10A0 /* PBXContainerItemProxy */ = {
			isa = PBXContainerItemProxy;
			containerPortal = 585FDDFB1A5904EA00C830F2 /* Project object */;
			proxyType = 1;
			remoteGlobalIDString = 588F75541DA0E529007A10A0;
			remoteInfo = tawidget;
		};
/* End PBXContainerItemProxy section */

/* Begin PBXCopyFilesBuildPhase section */
		588F75651DA0E529007A10A0 /* Embed App Extensions */ = {
			isa = PBXCopyFilesBuildPhase;
			buildActionMask = 2147483647;
			dstPath = "";
			dstSubfolderSpec = 13;
			files = (
				588F75611DA0E529007A10A0 /* tawidget.appex in Embed App Extensions */,
			);
			name = "Embed App Extensions";
			runOnlyForDeploymentPostprocessing = 0;
		};
/* End PBXCopyFilesBuildPhase section */

/* Begin PBXFileReference section */
		01E3C4DEBD4830B812127842 /* Pods-BasePods-tuerauf_prod.release.xcconfig */ = {isa = PBXFileReference; includeInIndex = 1; lastKnownFileType = text.xcconfig; name = "Pods-BasePods-tuerauf_prod.release.xcconfig"; path = "Pods/Target Support Files/Pods-BasePods-tuerauf_prod/Pods-BasePods-tuerauf_prod.release.xcconfig"; sourceTree = "<group>"; };
		38E864AF4FE61763BBE24273 /* Pods_BasePods_tuerauf_prod.framework */ = {isa = PBXFileReference; explicitFileType = wrapper.framework; includeInIndex = 0; path = Pods_BasePods_tuerauf_prod.framework; sourceTree = BUILT_PRODUCTS_DIR; };
		42443F126DFD7460A9F748CC /* Pods-BasePods-tueraufTests.debug.xcconfig */ = {isa = PBXFileReference; includeInIndex = 1; lastKnownFileType = text.xcconfig; name = "Pods-BasePods-tueraufTests.debug.xcconfig"; path = "Pods/Target Support Files/Pods-BasePods-tueraufTests/Pods-BasePods-tueraufTests.debug.xcconfig"; sourceTree = "<group>"; };
		580A91CF1A75E96E002AEE17 /* SettingsViewController.swift */ = {isa = PBXFileReference; fileEncoding = 4; lastKnownFileType = sourcecode.swift; path = SettingsViewController.swift; sourceTree = "<group>"; };
		5823BAF51A79582100B8FB33 /* tuerauf.app */ = {isa = PBXFileReference; explicitFileType = wrapper.application; includeInIndex = 0; path = tuerauf.app; sourceTree = BUILT_PRODUCTS_DIR; };
		5823BAF71A795D7B00B8FB33 /* tuerauf_prod-Info.plist */ = {isa = PBXFileReference; fileEncoding = 4; lastKnownFileType = text.plist.xml; path = "tuerauf_prod-Info.plist"; sourceTree = "<group>"; };
		5823BAFB1A79F27100B8FB33 /* getgitrevision.sh */ = {isa = PBXFileReference; fileEncoding = 4; lastKnownFileType = text.script.sh; path = getgitrevision.sh; sourceTree = SOURCE_ROOT; };
		585FDE031A5904EA00C830F2 /* tuerauf_test.app */ = {isa = PBXFileReference; explicitFileType = wrapper.application; includeInIndex = 0; path = tuerauf_test.app; sourceTree = BUILT_PRODUCTS_DIR; };
		585FDE071A5904EA00C830F2 /* Info.plist */ = {isa = PBXFileReference; lastKnownFileType = text.plist.xml; path = Info.plist; sourceTree = "<group>"; };
		585FDE081A5904EA00C830F2 /* AppDelegate.swift */ = {isa = PBXFileReference; lastKnownFileType = sourcecode.swift; path = AppDelegate.swift; sourceTree = "<group>"; };
		585FDE0A1A5904EA00C830F2 /* ViewController.swift */ = {isa = PBXFileReference; lastKnownFileType = sourcecode.swift; path = ViewController.swift; sourceTree = "<group>"; };
		585FDE0D1A5904EA00C830F2 /* Base */ = {isa = PBXFileReference; lastKnownFileType = file.storyboard; name = Base; path = Base.lproj/Main.storyboard; sourceTree = "<group>"; };
		585FDE0F1A5904EA00C830F2 /* Images.xcassets */ = {isa = PBXFileReference; lastKnownFileType = folder.assetcatalog; path = Images.xcassets; sourceTree = "<group>"; };
		585FDE121A5904EA00C830F2 /* Base */ = {isa = PBXFileReference; lastKnownFileType = file.xib; name = Base; path = Base.lproj/LaunchScreen.xib; sourceTree = "<group>"; };
		585FDE181A5904EA00C830F2 /* tueraufTests.xctest */ = {isa = PBXFileReference; explicitFileType = wrapper.cfbundle; includeInIndex = 0; path = tueraufTests.xctest; sourceTree = BUILT_PRODUCTS_DIR; };
		585FDE1D1A5904EA00C830F2 /* Info.plist */ = {isa = PBXFileReference; lastKnownFileType = text.plist.xml; path = Info.plist; sourceTree = "<group>"; };
		585FDE1E1A5904EA00C830F2 /* tueraufTests.swift */ = {isa = PBXFileReference; lastKnownFileType = sourcecode.swift; path = tueraufTests.swift; sourceTree = "<group>"; };
		585FDE281A5908C100C830F2 /* Backend.swift */ = {isa = PBXFileReference; fileEncoding = 4; lastKnownFileType = sourcecode.swift; path = Backend.swift; sourceTree = "<group>"; };
		585FDE2D1A59535C00C830F2 /* tuer.jpg */ = {isa = PBXFileReference; lastKnownFileType = image.jpeg; path = tuer.jpg; sourceTree = "<group>"; };
		585FDE2F1A5956FB00C830F2 /* tuer_a.png */ = {isa = PBXFileReference; lastKnownFileType = image.png; path = tuer_a.png; sourceTree = "<group>"; };
		585FDE311A5959B800C830F2 /* tuer.png */ = {isa = PBXFileReference; lastKnownFileType = image.png; path = tuer.png; sourceTree = "<group>"; };
		585FDE321A5959B800C830F2 /* tuer_icon_180.png */ = {isa = PBXFileReference; lastKnownFileType = image.png; path = tuer_icon_180.png; sourceTree = "<group>"; };
		586818A81B34435D0057A052 /* howto-release-tuerauf.txt */ = {isa = PBXFileReference; lastKnownFileType = text; name = "howto-release-tuerauf.txt"; path = "../howto-release-tuerauf.txt"; sourceTree = "<group>"; };
		58854BC31A6C1B5C00EB4080 /* tuer_icon_60.png */ = {isa = PBXFileReference; lastKnownFileType = image.png; path = tuer_icon_60.png; sourceTree = "<group>"; };
		58854BC41A6C1B5C00EB4080 /* tuer_icon_152.png */ = {isa = PBXFileReference; lastKnownFileType = image.png; path = tuer_icon_152.png; sourceTree = "<group>"; };
		58854BC51A6C1B5C00EB4080 /* tuer_icon_76.png */ = {isa = PBXFileReference; lastKnownFileType = image.png; path = tuer_icon_76.png; sourceTree = "<group>"; };
		58854BC61A6C1B5C00EB4080 /* tuer_icon_120.png */ = {isa = PBXFileReference; lastKnownFileType = image.png; path = tuer_icon_120.png; sourceTree = "<group>"; };
		588F75551DA0E529007A10A0 /* tawidget.appex */ = {isa = PBXFileReference; explicitFileType = "wrapper.app-extension"; includeInIndex = 0; path = tawidget.appex; sourceTree = BUILT_PRODUCTS_DIR; };
		588F75561DA0E529007A10A0 /* NotificationCenter.framework */ = {isa = PBXFileReference; lastKnownFileType = wrapper.framework; name = NotificationCenter.framework; path = System/Library/Frameworks/NotificationCenter.framework; sourceTree = SDKROOT; };
		588F75591DA0E529007A10A0 /* TodayViewController.swift */ = {isa = PBXFileReference; lastKnownFileType = sourcecode.swift; path = TodayViewController.swift; sourceTree = "<group>"; };
		588F755C1DA0E529007A10A0 /* Base */ = {isa = PBXFileReference; lastKnownFileType = file.storyboard; name = Base; path = Base.lproj/MainInterface.storyboard; sourceTree = "<group>"; };
		588F755E1DA0E529007A10A0 /* Info.plist */ = {isa = PBXFileReference; lastKnownFileType = text.plist.xml; path = Info.plist; sourceTree = "<group>"; };
		58AEFF131A7780C7006A122F /* UserRegistration.swift */ = {isa = PBXFileReference; fileEncoding = 4; lastKnownFileType = sourcecode.swift; name = UserRegistration.swift; path = model/UserRegistration.swift; sourceTree = "<group>"; };
		58CE1A171A738C7B00C7C6BD /* CoreLocation.framework */ = {isa = PBXFileReference; lastKnownFileType = wrapper.framework; name = CoreLocation.framework; path = System/Library/Frameworks/CoreLocation.framework; sourceTree = SDKROOT; };
		69F3681113CCFF18DE90F312 /* Pods_BasePods_tuerauf_test.framework */ = {isa = PBXFileReference; explicitFileType = wrapper.framework; includeInIndex = 0; path = Pods_BasePods_tuerauf_test.framework; sourceTree = BUILT_PRODUCTS_DIR; };
		7BAED0CBF21C8F8D3FD39691 /* Pods-BasePods-tueraufTests.release.xcconfig */ = {isa = PBXFileReference; includeInIndex = 1; lastKnownFileType = text.xcconfig; name = "Pods-BasePods-tueraufTests.release.xcconfig"; path = "Pods/Target Support Files/Pods-BasePods-tueraufTests/Pods-BasePods-tueraufTests.release.xcconfig"; sourceTree = "<group>"; };
		839D61142B6FAA4B55BEB653 /* Pods-BasePods-tuerauf_test.debug.xcconfig */ = {isa = PBXFileReference; includeInIndex = 1; lastKnownFileType = text.xcconfig; name = "Pods-BasePods-tuerauf_test.debug.xcconfig"; path = "Pods/Target Support Files/Pods-BasePods-tuerauf_test/Pods-BasePods-tuerauf_test.debug.xcconfig"; sourceTree = "<group>"; };
		BF990D122FCDA2711A0A7FFC /* Pods-BasePods-tuerauf_test.release.xcconfig */ = {isa = PBXFileReference; includeInIndex = 1; lastKnownFileType = text.xcconfig; name = "Pods-BasePods-tuerauf_test.release.xcconfig"; path = "Pods/Target Support Files/Pods-BasePods-tuerauf_test/Pods-BasePods-tuerauf_test.release.xcconfig"; sourceTree = "<group>"; };
		D64E0D78B3520E0ACC429BC5 /* Pods-BasePods-tuerauf_prod.debug.xcconfig */ = {isa = PBXFileReference; includeInIndex = 1; lastKnownFileType = text.xcconfig; name = "Pods-BasePods-tuerauf_prod.debug.xcconfig"; path = "Pods/Target Support Files/Pods-BasePods-tuerauf_prod/Pods-BasePods-tuerauf_prod.debug.xcconfig"; sourceTree = "<group>"; };
		D687AB92EF4FA6123BCA0FED /* Pods.framework */ = {isa = PBXFileReference; explicitFileType = wrapper.framework; includeInIndex = 0; path = Pods.framework; sourceTree = BUILT_PRODUCTS_DIR; };
		DCAEC7128ED06EB66D8C3432 /* Pods_BasePods_tueraufTests.framework */ = {isa = PBXFileReference; explicitFileType = wrapper.framework; includeInIndex = 0; path = Pods_BasePods_tueraufTests.framework; sourceTree = BUILT_PRODUCTS_DIR; };
/* End PBXFileReference section */

/* Begin PBXFrameworksBuildPhase section */
		5823BAE31A79582100B8FB33 /* Frameworks */ = {
			isa = PBXFrameworksBuildPhase;
			buildActionMask = 2147483647;
			files = (
				5823BAE41A79582100B8FB33 /* CoreLocation.framework in Frameworks */,
				433084CCC592F98F419C36CE /* Pods_BasePods_tuerauf_prod.framework in Frameworks */,
			);
			runOnlyForDeploymentPostprocessing = 0;
		};
		585FDE001A5904EA00C830F2 /* Frameworks */ = {
			isa = PBXFrameworksBuildPhase;
			buildActionMask = 2147483647;
			files = (
				58CE1A181A738C7B00C7C6BD /* CoreLocation.framework in Frameworks */,
				E0337FC9A1BF1B67F4112F05 /* Pods_BasePods_tuerauf_test.framework in Frameworks */,
			);
			runOnlyForDeploymentPostprocessing = 0;
		};
		585FDE151A5904EA00C830F2 /* Frameworks */ = {
			isa = PBXFrameworksBuildPhase;
			buildActionMask = 2147483647;
			files = (
				58FE92B47968D63FB1BA91F9 /* Pods_BasePods_tueraufTests.framework in Frameworks */,
			);
			runOnlyForDeploymentPostprocessing = 0;
		};
		588F75521DA0E529007A10A0 /* Frameworks */ = {
			isa = PBXFrameworksBuildPhase;
			buildActionMask = 2147483647;
			files = (
				588F75571DA0E529007A10A0 /* NotificationCenter.framework in Frameworks */,
			);
			runOnlyForDeploymentPostprocessing = 0;
		};
/* End PBXFrameworksBuildPhase section */

/* Begin PBXGroup section */
		20AC2CD132055AFA15D3F911 /* Pods */ = {
			isa = PBXGroup;
			children = (
				42443F126DFD7460A9F748CC /* Pods-BasePods-tueraufTests.debug.xcconfig */,
				7BAED0CBF21C8F8D3FD39691 /* Pods-BasePods-tueraufTests.release.xcconfig */,
				D64E0D78B3520E0ACC429BC5 /* Pods-BasePods-tuerauf_prod.debug.xcconfig */,
				01E3C4DEBD4830B812127842 /* Pods-BasePods-tuerauf_prod.release.xcconfig */,
				839D61142B6FAA4B55BEB653 /* Pods-BasePods-tuerauf_test.debug.xcconfig */,
				BF990D122FCDA2711A0A7FFC /* Pods-BasePods-tuerauf_test.release.xcconfig */,
			);
			name = Pods;
			sourceTree = "<group>";
		};
		585FDDFA1A5904EA00C830F2 = {
			isa = PBXGroup;
			children = (
				58CE1A171A738C7B00C7C6BD /* CoreLocation.framework */,
				585FDE051A5904EA00C830F2 /* tuerauf */,
				585FDE1B1A5904EA00C830F2 /* tueraufTests */,
				588F75581DA0E529007A10A0 /* tawidget */,
				585FDE041A5904EA00C830F2 /* Products */,
				90F3E739B3ECB57F0D958CF0 /* Frameworks */,
				20AC2CD132055AFA15D3F911 /* Pods */,
			);
			sourceTree = "<group>";
		};
		585FDE041A5904EA00C830F2 /* Products */ = {
			isa = PBXGroup;
			children = (
				585FDE031A5904EA00C830F2 /* tuerauf_test.app */,
				585FDE181A5904EA00C830F2 /* tueraufTests.xctest */,
				5823BAF51A79582100B8FB33 /* tuerauf.app */,
				588F75551DA0E529007A10A0 /* tawidget.appex */,
			);
			name = Products;
			sourceTree = "<group>";
		};
		585FDE051A5904EA00C830F2 /* tuerauf */ = {
			isa = PBXGroup;
			children = (
				58AEFF151A77863D006A122F /* model */,
				585FDE281A5908C100C830F2 /* Backend.swift */,
				585FDE081A5904EA00C830F2 /* AppDelegate.swift */,
				585FDE0A1A5904EA00C830F2 /* ViewController.swift */,
				580A91CF1A75E96E002AEE17 /* SettingsViewController.swift */,
				585FDE0C1A5904EA00C830F2 /* Main.storyboard */,
				585FDE0F1A5904EA00C830F2 /* Images.xcassets */,
				585FDE111A5904EA00C830F2 /* LaunchScreen.xib */,
				585FDE2C1A59533300C830F2 /* images */,
				585FDE061A5904EA00C830F2 /* Supporting Files */,
			);
			path = tuerauf;
			sourceTree = "<group>";
		};
		585FDE061A5904EA00C830F2 /* Supporting Files */ = {
			isa = PBXGroup;
			children = (
				586818A81B34435D0057A052 /* howto-release-tuerauf.txt */,
				5823BAFB1A79F27100B8FB33 /* getgitrevision.sh */,
				585FDE071A5904EA00C830F2 /* Info.plist */,
				5823BAF71A795D7B00B8FB33 /* tuerauf_prod-Info.plist */,
			);
			name = "Supporting Files";
			sourceTree = "<group>";
		};
		585FDE1B1A5904EA00C830F2 /* tueraufTests */ = {
			isa = PBXGroup;
			children = (
				585FDE1E1A5904EA00C830F2 /* tueraufTests.swift */,
				585FDE1C1A5904EA00C830F2 /* Supporting Files */,
			);
			path = tueraufTests;
			sourceTree = "<group>";
		};
		585FDE1C1A5904EA00C830F2 /* Supporting Files */ = {
			isa = PBXGroup;
			children = (
				585FDE1D1A5904EA00C830F2 /* Info.plist */,
			);
			name = "Supporting Files";
			sourceTree = "<group>";
		};
		585FDE2C1A59533300C830F2 /* images */ = {
			isa = PBXGroup;
			children = (
				58854BC31A6C1B5C00EB4080 /* tuer_icon_60.png */,
				58854BC51A6C1B5C00EB4080 /* tuer_icon_76.png */,
				58854BC61A6C1B5C00EB4080 /* tuer_icon_120.png */,
				58854BC41A6C1B5C00EB4080 /* tuer_icon_152.png */,
				585FDE321A5959B800C830F2 /* tuer_icon_180.png */,
				585FDE311A5959B800C830F2 /* tuer.png */,
				585FDE2F1A5956FB00C830F2 /* tuer_a.png */,
				585FDE2D1A59535C00C830F2 /* tuer.jpg */,
			);
			name = images;
			sourceTree = "<group>";
		};
		588F75581DA0E529007A10A0 /* tawidget */ = {
			isa = PBXGroup;
			children = (
				588F75591DA0E529007A10A0 /* TodayViewController.swift */,
				588F755B1DA0E529007A10A0 /* MainInterface.storyboard */,
				588F755E1DA0E529007A10A0 /* Info.plist */,
			);
			path = tawidget;
			sourceTree = "<group>";
		};
		58AEFF151A77863D006A122F /* model */ = {
			isa = PBXGroup;
			children = (
				58AEFF131A7780C7006A122F /* UserRegistration.swift */,
			);
			name = model;
			sourceTree = "<group>";
		};
		90F3E739B3ECB57F0D958CF0 /* Frameworks */ = {
			isa = PBXGroup;
			children = (
				D687AB92EF4FA6123BCA0FED /* Pods.framework */,
				DCAEC7128ED06EB66D8C3432 /* Pods_BasePods_tueraufTests.framework */,
				38E864AF4FE61763BBE24273 /* Pods_BasePods_tuerauf_prod.framework */,
				69F3681113CCFF18DE90F312 /* Pods_BasePods_tuerauf_test.framework */,
				588F75561DA0E529007A10A0 /* NotificationCenter.framework */,
			);
			name = Frameworks;
			sourceTree = "<group>";
		};
/* End PBXGroup section */

/* Begin PBXNativeTarget section */
		5823BADC1A79582100B8FB33 /* tuerauf_prod */ = {
			isa = PBXNativeTarget;
			buildConfigurationList = 5823BAF21A79582100B8FB33 /* Build configuration list for PBXNativeTarget "tuerauf_prod" */;
			buildPhases = (
				83B09CD7B7E016295523747D /* [CP] Check Pods Manifest.lock */,
				5823BADD1A79582100B8FB33 /* Sources */,
				5823BAE31A79582100B8FB33 /* Frameworks */,
				5823BAE51A79582100B8FB33 /* Resources */,
				5823BAF11A79582100B8FB33 /* Revisionsnummer holen tuerauf_prod */,
				034D48A9B396A44D3F9B4697 /* [CP] Embed Pods Frameworks */,
				723E1EE33E310586E2DD092A /* [CP] Copy Pods Resources */,
				588F75651DA0E529007A10A0 /* Embed App Extensions */,
			);
			buildRules = (
			);
			dependencies = (
				588F75601DA0E529007A10A0 /* PBXTargetDependency */,
			);
			name = tuerauf_prod;
			productName = tuerauf;
			productReference = 5823BAF51A79582100B8FB33 /* tuerauf.app */;
			productType = "com.apple.product-type.application";
		};
		585FDE021A5904EA00C830F2 /* tuerauf_test */ = {
			isa = PBXNativeTarget;
			buildConfigurationList = 585FDE221A5904EA00C830F2 /* Build configuration list for PBXNativeTarget "tuerauf_test" */;
			buildPhases = (
				6B2749B30353428A61DD3B54 /* [CP] Check Pods Manifest.lock */,
				585FDDFF1A5904EA00C830F2 /* Sources */,
				585FDE001A5904EA00C830F2 /* Frameworks */,
				585FDE011A5904EA00C830F2 /* Resources */,
				584E093B1A6BEDAB002AC50E /* Revisionsnummer holen */,
				68B343F292CF1DB4B460016C /* [CP] Embed Pods Frameworks */,
				6F4B87A8C7F3B9DB4EE0B3E7 /* [CP] Copy Pods Resources */,
			);
			buildRules = (
			);
			dependencies = (
			);
			name = tuerauf_test;
			productName = tuerauf;
			productReference = 585FDE031A5904EA00C830F2 /* tuerauf_test.app */;
			productType = "com.apple.product-type.application";
		};
		585FDE171A5904EA00C830F2 /* tueraufTests */ = {
			isa = PBXNativeTarget;
			buildConfigurationList = 585FDE251A5904EA00C830F2 /* Build configuration list for PBXNativeTarget "tueraufTests" */;
			buildPhases = (
				08F5515B26B863EFC97AC9B3 /* [CP] Check Pods Manifest.lock */,
				585FDE141A5904EA00C830F2 /* Sources */,
				585FDE151A5904EA00C830F2 /* Frameworks */,
				585FDE161A5904EA00C830F2 /* Resources */,
				46A34335342090C1D54704D5 /* [CP] Embed Pods Frameworks */,
				49082EA7E006813F7E20501F /* [CP] Copy Pods Resources */,
			);
			buildRules = (
			);
			dependencies = (
				585FDE1A1A5904EA00C830F2 /* PBXTargetDependency */,
			);
			name = tueraufTests;
			productName = tueraufTests;
			productReference = 585FDE181A5904EA00C830F2 /* tueraufTests.xctest */;
			productType = "com.apple.product-type.bundle.unit-test";
		};
		588F75541DA0E529007A10A0 /* tawidget */ = {
			isa = PBXNativeTarget;
			buildConfigurationList = 588F75621DA0E529007A10A0 /* Build configuration list for PBXNativeTarget "tawidget" */;
			buildPhases = (
				588F75511DA0E529007A10A0 /* Sources */,
				588F75521DA0E529007A10A0 /* Frameworks */,
				588F75531DA0E529007A10A0 /* Resources */,
				58D5725E1DA2B63E00C36ED2 /* Revisionsnummer holen tawidget */,
			);
			buildRules = (
			);
			dependencies = (
			);
			name = tawidget;
			productName = tawidget;
			productReference = 588F75551DA0E529007A10A0 /* tawidget.appex */;
			productType = "com.apple.product-type.app-extension";
		};
/* End PBXNativeTarget section */

/* Begin PBXProject section */
		585FDDFB1A5904EA00C830F2 /* Project object */ = {
			isa = PBXProject;
			attributes = {
				LastSwiftMigration = 0700;
				LastSwiftUpdateCheck = 0800;
				LastUpgradeCheck = 0810;
				ORGANIZATIONNAME = "Dirk Steinkopf";
				TargetAttributes = {
					5823BADC1A79582100B8FB33 = {
						DevelopmentTeam = Z9F28AVBD8;
						LastSwiftMigration = 0800;
					};
					585FDE021A5904EA00C830F2 = {
						CreatedOnToolsVersion = 6.1.1;
						DevelopmentTeam = Z9F28AVBD8;
					};
					585FDE171A5904EA00C830F2 = {
						CreatedOnToolsVersion = 6.1.1;
						TestTargetID = 585FDE021A5904EA00C830F2;
					};
					588F75541DA0E529007A10A0 = {
						CreatedOnToolsVersion = 8.0;
						DevelopmentTeam = Z9F28AVBD8;
						ProvisioningStyle = Automatic;
					};
				};
			};
			buildConfigurationList = 585FDDFE1A5904EA00C830F2 /* Build configuration list for PBXProject "tuerauf" */;
			compatibilityVersion = "Xcode 3.2";
			developmentRegion = English;
			hasScannedForEncodings = 0;
			knownRegions = (
				en,
				Base,
			);
			mainGroup = 585FDDFA1A5904EA00C830F2;
			productRefGroup = 585FDE041A5904EA00C830F2 /* Products */;
			projectDirPath = "";
			projectRoot = "";
			targets = (
				585FDE021A5904EA00C830F2 /* tuerauf_test */,
				5823BADC1A79582100B8FB33 /* tuerauf_prod */,
				585FDE171A5904EA00C830F2 /* tueraufTests */,
				588F75541DA0E529007A10A0 /* tawidget */,
			);
		};
/* End PBXProject section */

/* Begin PBXResourcesBuildPhase section */
		5823BAE51A79582100B8FB33 /* Resources */ = {
			isa = PBXResourcesBuildPhase;
			buildActionMask = 2147483647;
			files = (
				5823BAE61A79582100B8FB33 /* tuer_icon_60.png in Resources */,
				5823BAE71A79582100B8FB33 /* Main.storyboard in Resources */,
				5823BAE81A79582100B8FB33 /* LaunchScreen.xib in Resources */,
				5823BAE91A79582100B8FB33 /* tuer_icon_76.png in Resources */,
				5823BAEA1A79582100B8FB33 /* tuer_icon_180.png in Resources */,
				5823BAEB1A79582100B8FB33 /* tuer_icon_120.png in Resources */,
				5823BAEC1A79582100B8FB33 /* tuer_a.png in Resources */,
				5823BAED1A79582100B8FB33 /* tuer_icon_152.png in Resources */,
				5823BAEE1A79582100B8FB33 /* tuer.jpg in Resources */,
				5823BAEF1A79582100B8FB33 /* Images.xcassets in Resources */,
				5823BAF01A79582100B8FB33 /* tuer.png in Resources */,
			);
			runOnlyForDeploymentPostprocessing = 0;
		};
		585FDE011A5904EA00C830F2 /* Resources */ = {
			isa = PBXResourcesBuildPhase;
			buildActionMask = 2147483647;
			files = (
				58854BC71A6C1B5C00EB4080 /* tuer_icon_60.png in Resources */,
				585FDE0E1A5904EA00C830F2 /* Main.storyboard in Resources */,
				585FDE131A5904EA00C830F2 /* LaunchScreen.xib in Resources */,
				58854BC91A6C1B5C00EB4080 /* tuer_icon_76.png in Resources */,
				585FDE341A5959B800C830F2 /* tuer_icon_180.png in Resources */,
				58854BCA1A6C1B5C00EB4080 /* tuer_icon_120.png in Resources */,
				585FDE301A5956FB00C830F2 /* tuer_a.png in Resources */,
				58854BC81A6C1B5C00EB4080 /* tuer_icon_152.png in Resources */,
				585FDE2E1A59535C00C830F2 /* tuer.jpg in Resources */,
				585FDE101A5904EA00C830F2 /* Images.xcassets in Resources */,
				585FDE331A5959B800C830F2 /* tuer.png in Resources */,
			);
			runOnlyForDeploymentPostprocessing = 0;
		};
		585FDE161A5904EA00C830F2 /* Resources */ = {
			isa = PBXResourcesBuildPhase;
			buildActionMask = 2147483647;
			files = (
			);
			runOnlyForDeploymentPostprocessing = 0;
		};
		588F75531DA0E529007A10A0 /* Resources */ = {
			isa = PBXResourcesBuildPhase;
			buildActionMask = 2147483647;
			files = (
				588F755D1DA0E529007A10A0 /* MainInterface.storyboard in Resources */,
			);
			runOnlyForDeploymentPostprocessing = 0;
		};
/* End PBXResourcesBuildPhase section */

/* Begin PBXShellScriptBuildPhase section */
		034D48A9B396A44D3F9B4697 /* [CP] Embed Pods Frameworks */ = {
			isa = PBXShellScriptBuildPhase;
			buildActionMask = 2147483647;
			files = (
			);
			inputPaths = (
			);
			name = "[CP] Embed Pods Frameworks";
			outputPaths = (
			);
			runOnlyForDeploymentPostprocessing = 0;
			shellPath = /bin/sh;
			shellScript = "\"${SRCROOT}/Pods/Target Support Files/Pods-BasePods-tuerauf_prod/Pods-BasePods-tuerauf_prod-frameworks.sh\"\n";
			showEnvVarsInLog = 0;
		};
		08F5515B26B863EFC97AC9B3 /* [CP] Check Pods Manifest.lock */ = {
			isa = PBXShellScriptBuildPhase;
			buildActionMask = 2147483647;
			files = (
			);
			inputPaths = (
			);
			name = "[CP] Check Pods Manifest.lock";
			outputPaths = (
			);
			runOnlyForDeploymentPostprocessing = 0;
			shellPath = /bin/sh;
			shellScript = "diff \"${PODS_ROOT}/../Podfile.lock\" \"${PODS_ROOT}/Manifest.lock\" > /dev/null\nif [[ $? != 0 ]] ; then\n    cat << EOM\nerror: The sandbox is not in sync with the Podfile.lock. Run 'pod install' or update your CocoaPods installation.\nEOM\n    exit 1\nfi\n";
			showEnvVarsInLog = 0;
		};
		46A34335342090C1D54704D5 /* [CP] Embed Pods Frameworks */ = {
			isa = PBXShellScriptBuildPhase;
			buildActionMask = 2147483647;
			files = (
			);
			inputPaths = (
			);
			name = "[CP] Embed Pods Frameworks";
			outputPaths = (
			);
			runOnlyForDeploymentPostprocessing = 0;
			shellPath = /bin/sh;
			shellScript = "\"${SRCROOT}/Pods/Target Support Files/Pods-BasePods-tueraufTests/Pods-BasePods-tueraufTests-frameworks.sh\"\n";
			showEnvVarsInLog = 0;
		};
		49082EA7E006813F7E20501F /* [CP] Copy Pods Resources */ = {
			isa = PBXShellScriptBuildPhase;
			buildActionMask = 2147483647;
			files = (
			);
			inputPaths = (
			);
			name = "[CP] Copy Pods Resources";
			outputPaths = (
			);
			runOnlyForDeploymentPostprocessing = 0;
			shellPath = /bin/sh;
			shellScript = "\"${SRCROOT}/Pods/Target Support Files/Pods-BasePods-tueraufTests/Pods-BasePods-tueraufTests-resources.sh\"\n";
			showEnvVarsInLog = 0;
		};
		5823BAF11A79582100B8FB33 /* Revisionsnummer holen tuerauf_prod */ = {
			isa = PBXShellScriptBuildPhase;
			buildActionMask = 12;
			files = (
			);
			inputPaths = (
			);
			name = "Revisionsnummer holen tuerauf_prod";
			outputPaths = (
			);
			runOnlyForDeploymentPostprocessing = 0;
			shellPath = /bin/bash;
			shellScript = "#!/bin/bash\nbash \"$PROJECT_DIR\"/getgitrevision.sh";
		};
		584E093B1A6BEDAB002AC50E /* Revisionsnummer holen */ = {
			isa = PBXShellScriptBuildPhase;
			buildActionMask = 2147483647;
			files = (
			);
			inputPaths = (
			);
			name = "Revisionsnummer holen";
			outputPaths = (
			);
			runOnlyForDeploymentPostprocessing = 0;
			shellPath = /bin/bash;
			shellScript = "#!/bin/bash\nbash \"$PROJECT_DIR\"/getgitrevision.sh";
		};
		58D5725E1DA2B63E00C36ED2 /* Revisionsnummer holen tawidget */ = {
			isa = PBXShellScriptBuildPhase;
			buildActionMask = 2147483647;
			files = (
			);
			inputPaths = (
			);
			name = "Revisionsnummer holen tawidget";
			outputPaths = (
			);
			runOnlyForDeploymentPostprocessing = 0;
			shellPath = /bin/sh;
			shellScript = "#!/bin/bash\nbash \"$PROJECT_DIR\"/getgitrevision.sh";
		};
		68B343F292CF1DB4B460016C /* [CP] Embed Pods Frameworks */ = {
			isa = PBXShellScriptBuildPhase;
			buildActionMask = 2147483647;
			files = (
			);
			inputPaths = (
			);
			name = "[CP] Embed Pods Frameworks";
			outputPaths = (
			);
			runOnlyForDeploymentPostprocessing = 0;
			shellPath = /bin/sh;
			shellScript = "\"${SRCROOT}/Pods/Target Support Files/Pods-BasePods-tuerauf_test/Pods-BasePods-tuerauf_test-frameworks.sh\"\n";
			showEnvVarsInLog = 0;
		};
		6B2749B30353428A61DD3B54 /* [CP] Check Pods Manifest.lock */ = {
			isa = PBXShellScriptBuildPhase;
			buildActionMask = 2147483647;
			files = (
			);
			inputPaths = (
			);
			name = "[CP] Check Pods Manifest.lock";
			outputPaths = (
			);
			runOnlyForDeploymentPostprocessing = 0;
			shellPath = /bin/sh;
			shellScript = "diff \"${PODS_ROOT}/../Podfile.lock\" \"${PODS_ROOT}/Manifest.lock\" > /dev/null\nif [[ $? != 0 ]] ; then\n    cat << EOM\nerror: The sandbox is not in sync with the Podfile.lock. Run 'pod install' or update your CocoaPods installation.\nEOM\n    exit 1\nfi\n";
			showEnvVarsInLog = 0;
		};
		6F4B87A8C7F3B9DB4EE0B3E7 /* [CP] Copy Pods Resources */ = {
			isa = PBXShellScriptBuildPhase;
			buildActionMask = 2147483647;
			files = (
			);
			inputPaths = (
			);
			name = "[CP] Copy Pods Resources";
			outputPaths = (
			);
			runOnlyForDeploymentPostprocessing = 0;
			shellPath = /bin/sh;
			shellScript = "\"${SRCROOT}/Pods/Target Support Files/Pods-BasePods-tuerauf_test/Pods-BasePods-tuerauf_test-resources.sh\"\n";
			showEnvVarsInLog = 0;
		};
		723E1EE33E310586E2DD092A /* [CP] Copy Pods Resources */ = {
			isa = PBXShellScriptBuildPhase;
			buildActionMask = 2147483647;
			files = (
			);
			inputPaths = (
			);
			name = "[CP] Copy Pods Resources";
			outputPaths = (
			);
			runOnlyForDeploymentPostprocessing = 0;
			shellPath = /bin/sh;
			shellScript = "\"${SRCROOT}/Pods/Target Support Files/Pods-BasePods-tuerauf_prod/Pods-BasePods-tuerauf_prod-resources.sh\"\n";
			showEnvVarsInLog = 0;
		};
		83B09CD7B7E016295523747D /* [CP] Check Pods Manifest.lock */ = {
			isa = PBXShellScriptBuildPhase;
			buildActionMask = 2147483647;
			files = (
			);
			inputPaths = (
			);
			name = "[CP] Check Pods Manifest.lock";
			outputPaths = (
			);
			runOnlyForDeploymentPostprocessing = 0;
			shellPath = /bin/sh;
			shellScript = "diff \"${PODS_ROOT}/../Podfile.lock\" \"${PODS_ROOT}/Manifest.lock\" > /dev/null\nif [[ $? != 0 ]] ; then\n    cat << EOM\nerror: The sandbox is not in sync with the Podfile.lock. Run 'pod install' or update your CocoaPods installation.\nEOM\n    exit 1\nfi\n";
			showEnvVarsInLog = 0;
		};
/* End PBXShellScriptBuildPhase section */

/* Begin PBXSourcesBuildPhase section */
		5823BADD1A79582100B8FB33 /* Sources */ = {
			isa = PBXSourcesBuildPhase;
			buildActionMask = 2147483647;
			files = (
				5823BADE1A79582100B8FB33 /* ViewController.swift in Sources */,
				5823BADF1A79582100B8FB33 /* UserRegistration.swift in Sources */,
				5823BAE01A79582100B8FB33 /* AppDelegate.swift in Sources */,
				5823BAE11A79582100B8FB33 /* Backend.swift in Sources */,
				5823BAE21A79582100B8FB33 /* SettingsViewController.swift in Sources */,
			);
			runOnlyForDeploymentPostprocessing = 0;
		};
		585FDDFF1A5904EA00C830F2 /* Sources */ = {
			isa = PBXSourcesBuildPhase;
			buildActionMask = 2147483647;
			files = (
				585FDE0B1A5904EA00C830F2 /* ViewController.swift in Sources */,
				58AEFF141A7780C7006A122F /* UserRegistration.swift in Sources */,
				585FDE091A5904EA00C830F2 /* AppDelegate.swift in Sources */,
				585FDE291A5908C100C830F2 /* Backend.swift in Sources */,
				580A91D01A75E96E002AEE17 /* SettingsViewController.swift in Sources */,
			);
			runOnlyForDeploymentPostprocessing = 0;
		};
		585FDE141A5904EA00C830F2 /* Sources */ = {
			isa = PBXSourcesBuildPhase;
			buildActionMask = 2147483647;
			files = (
				585FDE1F1A5904EA00C830F2 /* tueraufTests.swift in Sources */,
			);
			runOnlyForDeploymentPostprocessing = 0;
		};
		588F75511DA0E529007A10A0 /* Sources */ = {
			isa = PBXSourcesBuildPhase;
			buildActionMask = 2147483647;
			files = (
				588F755A1DA0E529007A10A0 /* TodayViewController.swift in Sources */,
			);
			runOnlyForDeploymentPostprocessing = 0;
		};
/* End PBXSourcesBuildPhase section */

/* Begin PBXTargetDependency section */
		585FDE1A1A5904EA00C830F2 /* PBXTargetDependency */ = {
			isa = PBXTargetDependency;
			target = 585FDE021A5904EA00C830F2 /* tuerauf_test */;
			targetProxy = 585FDE191A5904EA00C830F2 /* PBXContainerItemProxy */;
		};
		588F75601DA0E529007A10A0 /* PBXTargetDependency */ = {
			isa = PBXTargetDependency;
			target = 588F75541DA0E529007A10A0 /* tawidget */;
			targetProxy = 588F755F1DA0E529007A10A0 /* PBXContainerItemProxy */;
		};
/* End PBXTargetDependency section */

/* Begin PBXVariantGroup section */
		585FDE0C1A5904EA00C830F2 /* Main.storyboard */ = {
			isa = PBXVariantGroup;
			children = (
				585FDE0D1A5904EA00C830F2 /* Base */,
			);
			name = Main.storyboard;
			sourceTree = "<group>";
		};
		585FDE111A5904EA00C830F2 /* LaunchScreen.xib */ = {
			isa = PBXVariantGroup;
			children = (
				585FDE121A5904EA00C830F2 /* Base */,
			);
			name = LaunchScreen.xib;
			sourceTree = "<group>";
		};
		588F755B1DA0E529007A10A0 /* MainInterface.storyboard */ = {
			isa = PBXVariantGroup;
			children = (
				588F755C1DA0E529007A10A0 /* Base */,
			);
			name = MainInterface.storyboard;
			sourceTree = "<group>";
		};
/* End PBXVariantGroup section */

/* Begin XCBuildConfiguration section */
		5823BAF31A79582100B8FB33 /* Debug */ = {
			isa = XCBuildConfiguration;
			baseConfigurationReference = D64E0D78B3520E0ACC429BC5 /* Pods-BasePods-tuerauf_prod.debug.xcconfig */;
			buildSettings = {
				ALWAYS_EMBED_SWIFT_STANDARD_LIBRARIES = YES;
				ASSETCATALOG_COMPILER_APPICON_NAME = AppIcon;
				CODE_SIGN_IDENTITY = "iPhone Developer";
				"CODE_SIGN_IDENTITY[sdk=iphoneos*]" = "iPhone Developer";
				INFOPLIST_FILE = "$(SRCROOT)/tuerauf/tuerauf_prod-Info.plist";
				LD_RUNPATH_SEARCH_PATHS = "$(inherited) @executable_path/Frameworks";
				PRODUCT_BUNDLE_IDENTIFIER = de.ecube.net.steinkopf.tuerauf;
				PRODUCT_NAME = tuerauf;
				PROVISIONING_PROFILE = "";
				TARGETED_DEVICE_FAMILY = "1,2";
			};
			name = Debug;
		};
		5823BAF41A79582100B8FB33 /* Release */ = {
			isa = XCBuildConfiguration;
			baseConfigurationReference = 01E3C4DEBD4830B812127842 /* Pods-BasePods-tuerauf_prod.release.xcconfig */;
			buildSettings = {
				ALWAYS_EMBED_SWIFT_STANDARD_LIBRARIES = YES;
				ASSETCATALOG_COMPILER_APPICON_NAME = AppIcon;
				CODE_SIGN_IDENTITY = "iPhone Developer";
				"CODE_SIGN_IDENTITY[sdk=iphoneos*]" = "iPhone Developer";
				INFOPLIST_FILE = "$(SRCROOT)/tuerauf/tuerauf_prod-Info.plist";
				LD_RUNPATH_SEARCH_PATHS = "$(inherited) @executable_path/Frameworks";
				PRODUCT_BUNDLE_IDENTIFIER = de.ecube.net.steinkopf.tuerauf;
				PRODUCT_NAME = tuerauf;
				PROVISIONING_PROFILE = "";
				TARGETED_DEVICE_FAMILY = "1,2";
			};
			name = Release;
		};
		585FDE201A5904EA00C830F2 /* Debug */ = {
			isa = XCBuildConfiguration;
			buildSettings = {
				ALWAYS_SEARCH_USER_PATHS = NO;
				CLANG_CXX_LANGUAGE_STANDARD = "gnu++0x";
				CLANG_CXX_LIBRARY = "libc++";
				CLANG_ENABLE_MODULES = YES;
				CLANG_ENABLE_OBJC_ARC = YES;
				CLANG_WARN_BOOL_CONVERSION = YES;
				CLANG_WARN_CONSTANT_CONVERSION = YES;
				CLANG_WARN_DIRECT_OBJC_ISA_USAGE = YES_ERROR;
				CLANG_WARN_EMPTY_BODY = YES;
				CLANG_WARN_ENUM_CONVERSION = YES;
				CLANG_WARN_INFINITE_RECURSION = YES;
				CLANG_WARN_INT_CONVERSION = YES;
				CLANG_WARN_OBJC_ROOT_CLASS = YES_ERROR;
				CLANG_WARN_SUSPICIOUS_MOVE = YES;
				CLANG_WARN_UNREACHABLE_CODE = YES;
				CLANG_WARN__DUPLICATE_METHOD_MATCH = YES;
				"CODE_SIGN_IDENTITY[sdk=iphoneos*]" = "iPhone Developer";
				COPY_PHASE_STRIP = NO;
				ENABLE_STRICT_OBJC_MSGSEND = YES;
				ENABLE_TESTABILITY = YES;
				GCC_C_LANGUAGE_STANDARD = gnu99;
				GCC_DYNAMIC_NO_PIC = NO;
				GCC_NO_COMMON_BLOCKS = YES;
				GCC_OPTIMIZATION_LEVEL = 0;
				GCC_PREPROCESSOR_DEFINITIONS = (
					"DEBUG=1",
					"$(inherited)",
				);
				GCC_SYMBOLS_PRIVATE_EXTERN = NO;
				GCC_WARN_64_TO_32_BIT_CONVERSION = YES;
				GCC_WARN_ABOUT_RETURN_TYPE = YES_ERROR;
				GCC_WARN_UNDECLARED_SELECTOR = YES;
				GCC_WARN_UNINITIALIZED_AUTOS = YES_AGGRESSIVE;
				GCC_WARN_UNUSED_FUNCTION = YES;
				GCC_WARN_UNUSED_VARIABLE = YES;
				IPHONEOS_DEPLOYMENT_TARGET = 8.1;
				MTL_ENABLE_DEBUG_INFO = YES;
				ONLY_ACTIVE_ARCH = YES;
				PRODUCT_NAME = "Tür auf";
				SDKROOT = iphoneos;
				SWIFT_OPTIMIZATION_LEVEL = "-Onone";
				SWIFT_VERSION = 2.3;
				TARGETED_DEVICE_FAMILY = "1,2";
			};
			name = Debug;
		};
		585FDE211A5904EA00C830F2 /* Release */ = {
			isa = XCBuildConfiguration;
			buildSettings = {
				ALWAYS_SEARCH_USER_PATHS = NO;
				CLANG_CXX_LANGUAGE_STANDARD = "gnu++0x";
				CLANG_CXX_LIBRARY = "libc++";
				CLANG_ENABLE_MODULES = YES;
				CLANG_ENABLE_OBJC_ARC = YES;
				CLANG_WARN_BOOL_CONVERSION = YES;
				CLANG_WARN_CONSTANT_CONVERSION = YES;
				CLANG_WARN_DIRECT_OBJC_ISA_USAGE = YES_ERROR;
				CLANG_WARN_EMPTY_BODY = YES;
				CLANG_WARN_ENUM_CONVERSION = YES;
				CLANG_WARN_INFINITE_RECURSION = YES;
				CLANG_WARN_INT_CONVERSION = YES;
				CLANG_WARN_OBJC_ROOT_CLASS = YES_ERROR;
				CLANG_WARN_SUSPICIOUS_MOVE = YES;
				CLANG_WARN_UNREACHABLE_CODE = YES;
				CLANG_WARN__DUPLICATE_METHOD_MATCH = YES;
				"CODE_SIGN_IDENTITY[sdk=iphoneos*]" = "iPhone Developer";
				COPY_PHASE_STRIP = YES;
				ENABLE_NS_ASSERTIONS = NO;
				ENABLE_STRICT_OBJC_MSGSEND = YES;
				GCC_C_LANGUAGE_STANDARD = gnu99;
				GCC_NO_COMMON_BLOCKS = YES;
				GCC_WARN_64_TO_32_BIT_CONVERSION = YES;
				GCC_WARN_ABOUT_RETURN_TYPE = YES_ERROR;
				GCC_WARN_UNDECLARED_SELECTOR = YES;
				GCC_WARN_UNINITIALIZED_AUTOS = YES_AGGRESSIVE;
				GCC_WARN_UNUSED_FUNCTION = YES;
				GCC_WARN_UNUSED_VARIABLE = YES;
				IPHONEOS_DEPLOYMENT_TARGET = 8.1;
				MTL_ENABLE_DEBUG_INFO = NO;
				PRODUCT_NAME = "Tür auf";
				SDKROOT = iphoneos;
				SWIFT_OPTIMIZATION_LEVEL = "-Owholemodule";
				SWIFT_VERSION = 2.3;
				TARGETED_DEVICE_FAMILY = "1,2";
				VALIDATE_PRODUCT = YES;
			};
			name = Release;
		};
		585FDE231A5904EA00C830F2 /* Debug */ = {
			isa = XCBuildConfiguration;
			baseConfigurationReference = 839D61142B6FAA4B55BEB653 /* Pods-BasePods-tuerauf_test.debug.xcconfig */;
			buildSettings = {
				ALWAYS_EMBED_SWIFT_STANDARD_LIBRARIES = YES;
				ASSETCATALOG_COMPILER_APPICON_NAME = AppIcon;
				CODE_SIGN_IDENTITY = "iPhone Developer";
				"CODE_SIGN_IDENTITY[sdk=iphoneos*]" = "iPhone Developer";
				INFOPLIST_FILE = tuerauf/Info.plist;
				LD_RUNPATH_SEARCH_PATHS = "$(inherited) @executable_path/Frameworks";
				"OTHER_SWIFT_FLAGS[arch=*]" = "-DDEBUG";
				PRODUCT_BUNDLE_IDENTIFIER = de.ecube.net.steinkopf.tuerauf.test;
				PRODUCT_NAME = tuerauf_test;
				PROVISIONING_PROFILE = "";
			};
			name = Debug;
		};
		585FDE241A5904EA00C830F2 /* Release */ = {
			isa = XCBuildConfiguration;
			baseConfigurationReference = BF990D122FCDA2711A0A7FFC /* Pods-BasePods-tuerauf_test.release.xcconfig */;
			buildSettings = {
				ALWAYS_EMBED_SWIFT_STANDARD_LIBRARIES = YES;
				ASSETCATALOG_COMPILER_APPICON_NAME = AppIcon;
				CODE_SIGN_IDENTITY = "iPhone Developer";
				"CODE_SIGN_IDENTITY[sdk=iphoneos*]" = "iPhone Developer";
				INFOPLIST_FILE = tuerauf/Info.plist;
				LD_RUNPATH_SEARCH_PATHS = "$(inherited) @executable_path/Frameworks";
				PRODUCT_BUNDLE_IDENTIFIER = de.ecube.net.steinkopf.tuerauf.test;
				PRODUCT_NAME = tuerauf_test;
				PROVISIONING_PROFILE = "";
			};
			name = Release;
		};
		585FDE261A5904EA00C830F2 /* Debug */ = {
			isa = XCBuildConfiguration;
			baseConfigurationReference = 42443F126DFD7460A9F748CC /* Pods-BasePods-tueraufTests.debug.xcconfig */;
			buildSettings = {
				ALWAYS_EMBED_SWIFT_STANDARD_LIBRARIES = YES;
				BUNDLE_LOADER = "$(TEST_HOST)";
				FRAMEWORK_SEARCH_PATHS = (
					"$(SDKROOT)/Developer/Library/Frameworks",
					"$(inherited)",
				);
				GCC_PREPROCESSOR_DEFINITIONS = (
					"DEBUG=1",
					"$(inherited)",
				);
				INFOPLIST_FILE = tueraufTests/Info.plist;
				LD_RUNPATH_SEARCH_PATHS = "$(inherited) @executable_path/Frameworks @loader_path/Frameworks";
				PRODUCT_BUNDLE_IDENTIFIER = "DSTK.$(PRODUCT_NAME:rfc1034identifier)";
				PRODUCT_NAME = "$(TARGET_NAME)";
				TEST_HOST = "$(BUILT_PRODUCTS_DIR)/tuerauf_test.app/tuerauf_test";
			};
			name = Debug;
		};
		585FDE271A5904EA00C830F2 /* Release */ = {
			isa = XCBuildConfiguration;
			baseConfigurationReference = 7BAED0CBF21C8F8D3FD39691 /* Pods-BasePods-tueraufTests.release.xcconfig */;
			buildSettings = {
				ALWAYS_EMBED_SWIFT_STANDARD_LIBRARIES = YES;
				BUNDLE_LOADER = "$(TEST_HOST)";
				FRAMEWORK_SEARCH_PATHS = (
					"$(SDKROOT)/Developer/Library/Frameworks",
					"$(inherited)",
				);
				INFOPLIST_FILE = tueraufTests/Info.plist;
				LD_RUNPATH_SEARCH_PATHS = "$(inherited) @executable_path/Frameworks @loader_path/Frameworks";
				PRODUCT_BUNDLE_IDENTIFIER = "DSTK.$(PRODUCT_NAME:rfc1034identifier)";
				PRODUCT_NAME = "$(TARGET_NAME)";
				TEST_HOST = "$(BUILT_PRODUCTS_DIR)/tuerauf_test.app/tuerauf_test";
			};
			name = Release;
		};
		588F75631DA0E529007A10A0 /* Debug */ = {
			isa = XCBuildConfiguration;
			buildSettings = {
				CLANG_ANALYZER_NONNULL = YES;
				CLANG_WARN_DOCUMENTATION_COMMENTS = YES;
				CLANG_WARN_SUSPICIOUS_MOVES = YES;
				CODE_SIGN_IDENTITY = "iPhone Developer";
				"CODE_SIGN_IDENTITY[sdk=iphoneos*]" = "iPhone Developer";
				DEBUG_INFORMATION_FORMAT = dwarf;
				DEVELOPMENT_TEAM = Z9F28AVBD8;
				INFOPLIST_FILE = tawidget/Info.plist;
				IPHONEOS_DEPLOYMENT_TARGET = 10.0;
				LD_RUNPATH_SEARCH_PATHS = "$(inherited) @executable_path/Frameworks @executable_path/../../Frameworks";
				PRODUCT_BUNDLE_IDENTIFIER = de.ecube.net.steinkopf.tuerauf.tawidget;
				PRODUCT_NAME = "$(TARGET_NAME)";
				SKIP_INSTALL = YES;
				SWIFT_ACTIVE_COMPILATION_CONDITIONS = DEBUG;
			};
			name = Debug;
		};
		588F75641DA0E529007A10A0 /* Release */ = {
			isa = XCBuildConfiguration;
			buildSettings = {
				CLANG_ANALYZER_NONNULL = YES;
				CLANG_WARN_DOCUMENTATION_COMMENTS = YES;
				CLANG_WARN_SUSPICIOUS_MOVES = YES;
				CODE_SIGN_IDENTITY = "iPhone Developer";
				"CODE_SIGN_IDENTITY[sdk=iphoneos*]" = "iPhone Developer";
				COPY_PHASE_STRIP = NO;
				DEBUG_INFORMATION_FORMAT = "dwarf-with-dsym";
				DEVELOPMENT_TEAM = Z9F28AVBD8;
				INFOPLIST_FILE = tawidget/Info.plist;
				IPHONEOS_DEPLOYMENT_TARGET = 10.0;
				LD_RUNPATH_SEARCH_PATHS = "$(inherited) @executable_path/Frameworks @executable_path/../../Frameworks";
				PRODUCT_BUNDLE_IDENTIFIER = de.ecube.net.steinkopf.tuerauf.tawidget;
				PRODUCT_NAME = "$(TARGET_NAME)";
				SKIP_INSTALL = YES;
			};
			name = Release;
		};
/* End XCBuildConfiguration section */

/* Begin XCConfigurationList section */
		5823BAF21A79582100B8FB33 /* Build configuration list for PBXNativeTarget "tuerauf_prod" */ = {
			isa = XCConfigurationList;
			buildConfigurations = (
				5823BAF31A79582100B8FB33 /* Debug */,
				5823BAF41A79582100B8FB33 /* Release */,
			);
			defaultConfigurationIsVisible = 0;
			defaultConfigurationName = Release;
		};
		585FDDFE1A5904EA00C830F2 /* Build configuration list for PBXProject "tuerauf" */ = {
			isa = XCConfigurationList;
			buildConfigurations = (
				585FDE201A5904EA00C830F2 /* Debug */,
				585FDE211A5904EA00C830F2 /* Release */,
			);
			defaultConfigurationIsVisible = 0;
			defaultConfigurationName = Release;
		};
		585FDE221A5904EA00C830F2 /* Build configuration list for PBXNativeTarget "tuerauf_test" */ = {
			isa = XCConfigurationList;
			buildConfigurations = (
				585FDE231A5904EA00C830F2 /* Debug */,
				585FDE241A5904EA00C830F2 /* Release */,
			);
			defaultConfigurationIsVisible = 0;
			defaultConfigurationName = Release;
		};
		585FDE251A5904EA00C830F2 /* Build configuration list for PBXNativeTarget "tueraufTests" */ = {
			isa = XCConfigurationList;
			buildConfigurations = (
				585FDE261A5904EA00C830F2 /* Debug */,
				585FDE271A5904EA00C830F2 /* Release */,
			);
			defaultConfigurationIsVisible = 0;
			defaultConfigurationName = Release;
		};
		588F75621DA0E529007A10A0 /* Build configuration list for PBXNativeTarget "tawidget" */ = {
			isa = XCConfigurationList;
			buildConfigurations = (
				588F75631DA0E529007A10A0 /* Debug */,
				588F75641DA0E529007A10A0 /* Release */,
			);
			defaultConfigurationIsVisible = 0;
			defaultConfigurationName = Release;
		};
/* End XCConfigurationList section */
	};
	rootObject = 585FDDFB1A5904EA00C830F2 /* Project object */;
}
